{
  "nodes": {
    "flake-utils": {
      "locked": {
        "lastModified": 1659877975,
        "narHash": "sha256-zllb8aq3YO3h8B/U0/J1WBgAL8EX5yWf5pMj3G0NAmc=",
        "owner": "numtide",
        "repo": "flake-utils",
        "rev": "c0e246b9b83f637f4681389ecabcb2681b4f3af0",
        "type": "github"
      },
      "original": {
        "owner": "numtide",
        "repo": "flake-utils",
        "type": "github"
      }
    },
    "nixpkgs": {
      "locked": {
        "lastModified": 1658586831,
        "narHash": "sha256-VEPuhVaRsZcMMz2D3pppJjXUYfhc4cCFDL1Gy/cx+Sk=",
        "owner": "nixos",
        "repo": "nixpkgs",
        "rev": "8c21ef98fba4b2560a663345cac6782447a36575",
        "type": "github"
      },
      "original": {
        "owner": "nixos",
        "ref": "pull/182585/head",
        "repo": "nixpkgs",
        "type": "github"
      }
    },
    "root": {
      "inputs": {
        "flake-utils": "flake-utils",
        "nixpkgs": "nixpkgs"
      }
    }
  },
  "root": "root",
  "version": 7
}
