{
  "nodes": {
    "flake-utils": {
      "locked": {
        "lastModified": 1659877975,
        "narHash": "sha256-zllb8aq3YO3h8B/U0/J1WBgAL8EX5yWf5pMj3G0NAmc=",
        "owner": "numtide",
        "repo": "flake-utils",
        "rev": "c0e246b9b83f637f4681389ecabcb2681b4f3af0",
        "type": "github"
      },
      "original": {
        "owner": "numtide",
        "repo": "flake-utils",
        "type": "github"
      }
    },
    "nixpkgs": {
      "locked": {
        "lastModified": 1658586831,
        "narHash": "sha256-VEPuhVaRsZcMMz2D3pppJjXUYfhc4cCFDL1Gy/cx+Sk=",
        "owner": "nixos",
        "repo": "nixpkgs",
        "rev": "8c21ef98fba4b2560a663345cac6782447a36575",
        "type": "github"
      },
      "original": {
        "owner": "nixos",
        "ref": "pull/182585/head",
        "repo": "nixpkgs",
        "type": "github"
      }
    },
    "nixpkgs_2": {
      "locked": {
        "lastModified": 1653407748,
        "narHash": "sha256-g9puJaILRTb9ttlLQ7IehpV7Wcy0n+vs8LOFu6ylQcM=",
        "owner": "nixos",
        "repo": "nixpkgs",
        "rev": "5ce6597eca7d7b518c03ecda57d45f9404b5e060",
        "type": "github"
      },
      "original": {
        "owner": "nixos",
        "ref": "nixos-unstable",
        "repo": "nixpkgs",
        "type": "github"
      }
    },
    "root": {
      "inputs": {
        "flake-utils": "flake-utils",
        "nixpkgs": "nixpkgs",
        "vs-overlay": "vs-overlay"
      }
    },
    "vs-overlay": {
      "inputs": {
        "nixpkgs": "nixpkgs_2"
      },
      "locked": {
        "lastModified": 1663698198,
        "narHash": "sha256-9hhUjSEEoD5m1xhsHKG0mMwHIIou2k4cH+EGer/7v3s=",
        "owner": "volodiapg",
        "repo": "vs-overlay",
        "rev": "a801abe3bbcf4c370319331b7aeafd4fea3562c6",
        "type": "github"
      },
      "original": {
        "owner": "volodiapg",
        "repo": "vs-overlay",
        "type": "github"
      }
    }
  },
  "root": "root",
  "version": 7
}
